
Microsoft Visual Studio Solution File, Format Version 12.00
# Visual Studio Version 16
VisualStudioVersion = 16.0.30523.141
MinimumVisualStudioVersion = 10.0.40219.1
Project("{FAE04EC0-301F-11D3-BF4B-00C04F79EFBC}") = "KHASP", "KHASP.csproj", "{736769E6-0A4C-4489-94F7-D679F063FDF8}"
EndProject
Global
	GlobalSection(SolutionConfigurationPlatforms) = preSolution
		Debug|Any CPU = Debug|Any CPU
		Release|Any CPU = Release|Any CPU
	EndGlobalSection
	GlobalSection(ProjectConfigurationPlatforms) = postSolution
		{736769E6-0A4C-4489-94F7-D679F063FDF8}.Debug|Any CPU.ActiveCfg = Debug|Any CPU
		{736769E6-0A4C-4489-94F7-D679F063FDF8}.Debug|Any CPU.Build.0 = Debug|Any CPU
		{736769E6-0A4C-4489-94F7-D679F063FDF8}.Release|Any CPU.ActiveCfg = Release|Any CPU
		{736769E6-0A4C-4489-94F7-D679F063FDF8}.Release|Any CPU.Build.0 = Release|Any CPU
	EndGlobalSection
	GlobalSection(SolutionProperties) = preSolution
		HideSolutionNode = FALSE
	EndGlobalSection
	GlobalSection(ExtensibilityGlobals) = postSolution
		SolutionGuid = {108DC6DB-6B79-4873-BB19-B8DFA4CBDBB5}
	EndGlobalSection
EndGlobal
